{
  "version": 4,
  "terraform_version": "1.0.8",
  "serial": 9,
  "lineage": "1355e3aa-cda7-2ee4-c803-ed7c615a36c7",
  "outputs": {
    "public_ip_v4": {
      "value": "145.40.93.109",
      "type": "string"
    }
  },
  "resources": [
    {
      "mode": "managed",
      "type": "metal_device",
      "name": "device",
      "provider": "provider[\"registry.terraform.io/equinix/metal\"]",
      "instances": [
        {
          "schema_version": 0,
          "attributes": {
            "access_private_ipv4": "10.25.14.1",
            "access_public_ipv4": "145.40.93.109",
            "access_public_ipv6": "2604:1380:4091:e00::1",
            "always_pxe": false,
            "billing_cycle": "hourly",
            "created": "2021-10-11T09:09:45Z",
            "custom_data": null,
            "deployed_facility": "fr2",
            "deployed_hardware_reservation_id": null,
            "description": null,
            "facilities": [
              "fr2"
            ],
            "force_detach_volumes": false,
            "hardware_reservation_id": null,
            "hostname": "beermann",
            "id": "5964a629-d27c-488f-aa28-a6d0e31d500b",
            "ip_address": [],
            "ipxe_script_url": "",
            "locked": false,
            "metro": "fr",
            "network": [
              {
                "address": "145.40.93.109",
                "cidr": 31,
                "family": 4,
                "gateway": "145.40.93.108",
                "public": true
              },
              {
                "address": "2604:1380:4091:e00::1",
                "cidr": 127,
                "family": 6,
                "gateway": "2604:1380:4091:e00::",
                "public": true
              },
              {
                "address": "10.25.14.1",
                "cidr": 31,
                "family": 4,
                "gateway": "10.25.14.0",
                "public": false
              }
            ],
            "network_type": "layer3",
            "operating_system": "ubuntu_20_04",
            "plan": "c3.small.x86",
            "ports": [
              {
                "bonded": true,
                "id": "df7dd6f4-c924-4e27-b028-12cb2393474d",
                "mac": "",
                "name": "bond0",
                "type": "NetworkBondPort"
              },
              {
                "bonded": true,
                "id": "a73401ef-e5c8-4190-9af6-b125243de00f",
                "mac": "04:3f:72:d4:67:c0",
                "name": "eth0",
                "type": "NetworkPort"
              },
              {
                "bonded": true,
                "id": "57f7409c-acf9-4612-bdf1-0aee69c481ae",
                "mac": "04:3f:72:d4:67:c1",
                "name": "eth1",
                "type": "NetworkPort"
              }
            ],
            "project_id": "d44630c0-165e-4d47-8a85-52f17afb051d",
            "project_ssh_key_ids": null,
            "reinstall": [],
            "root_password": "{T#d0H89gX",
            "ssh_key_ids": [
              "4cb68b35-0922-407c-bcc7-ac9d4d2b58fc"
            ],
            "state": "active",
            "storage": null,
            "tags": [],
            "termination_time": "",
            "timeouts": null,
            "updated": "2021-10-11T09:11:05Z",
            "user_data": null,
            "wait_for_reservation_deprovision": false
          },
          "sensitive_attributes": [],
          "private": "eyJlMmJmYjczMC1lY2FhLTExZTYtOGY4OC0zNDM2M2JjN2M0YzAiOnsiY3JlYXRlIjoxMjAwMDAwMDAwMDAwLCJkZWxldGUiOjEyMDAwMDAwMDAwMDAsInVwZGF0ZSI6MTIwMDAwMDAwMDAwMH19",
          "dependencies": [
            "metal_ssh_key.key"
          ]
        }
      ]
    },
    {
      "mode": "managed",
      "type": "metal_ssh_key",
      "name": "key",
      "provider": "provider[\"registry.terraform.io/equinix/metal\"]",
      "instances": [
        {
          "schema_version": 0,
          "attributes": {
            "created": "2021-10-11T09:09:44Z",
            "fingerprint": "19:8f:0c:5f:a0:90:f3:2c:94:18:99:e6:c7:b4:19:b1",
            "id": "4cb68b35-0922-407c-bcc7-ac9d4d2b58fc",
            "name": "beermann",
            "owner_id": "1ecda88c-9186-409d-ba84-0e1c835069ef",
            "public_key": "ssh-rsa AAAAB3NzaC1yc2EAAAADAQABAAABgQCwzGoKKPDue/eYEyN5mEfjgGnE8CozFFY27QYMCLGboyjYjBoev+IvFph0rgGgkXVgpKw9kRdo3+TxVgcvXB73dZk8pE1TF0pq8otSWWqk1T6Tn+rsGcmKO9cLZPZnYGWXi8idZv3ElbsjNX8UI3K6kqxSiWi/NXJO5xEhNBsFw7SlT6X4bOVr7ufmE0v0gG/WnbmbtqkfU5vwQcOHgcKb97X/umPzMjHZEaeBTIiNvJ3s9Wl+44kw8uA5NkLDTdGU7jr3R8tOF0kaRynAuSC0O34MCaCzPAhAVATuKP9B6nPvpgIKL8L/dYLquFBseBfHsS5ZEtILfAc5ttQPVz7WK45f5/Bd+PsXwRjYF/LEY3FHTmjtwOPW5zPCyaKryXfcdxLROrZBP2rs75Eh3nxXG+asiBOzjfs1N58zwmdpij72bTU322MIzSHU7V3xNgpQDSg2+kWTpkiuIBlxqr+GQUg/RqycMqQ9LGFLA7la5g2g+Rcyhit5qu5H6+Ur8FE= beermann@osism.tech\n",
            "updated": "2021-10-11T09:09:45Z"
          },
          "sensitive_attributes": [],
          "private": "bnVsbA=="
        }
      ]
    }
  ]
}
