{
  "version": 4,
  "terraform_version": "1.0.5",
  "serial": 1283,
  "lineage": "88617f7f-75b0-c02d-0b78-c8bf8666ec3f",
  "outputs": {},
  "resources": [
    {
      "mode": "data",
      "type": "local_file",
      "name": "pubkey",
      "provider": "provider[\"registry.terraform.io/hashicorp/local\"]",
      "instances": [
        {
          "schema_version": 0,
          "attributes": {
            "content": "ssh-rsa AAAAB3NzaC1yc2EAAAADAQABAAABgQCwzGoKKPDue/eYEyN5mEfjgGnE8CozFFY27QYMCLGboyjYjBoev+IvFph0rgGgkXVgpKw9kRdo3+TxVgcvXB73dZk8pE1TF0pq8otSWWqk1T6Tn+rsGcmKO9cLZPZnYGWXi8idZv3ElbsjNX8UI3K6kqxSiWi/NXJO5xEhNBsFw7SlT6X4bOVr7ufmE0v0gG/WnbmbtqkfU5vwQcOHgcKb97X/umPzMjHZEaeBTIiNvJ3s9Wl+44kw8uA5NkLDTdGU7jr3R8tOF0kaRynAuSC0O34MCaCzPAhAVATuKP9B6nPvpgIKL8L/dYLquFBseBfHsS5ZEtILfAc5ttQPVz7WK45f5/Bd+PsXwRjYF/LEY3FHTmjtwOPW5zPCyaKryXfcdxLROrZBP2rs75Eh3nxXG+asiBOzjfs1N58zwmdpij72bTU322MIzSHU7V3xNgpQDSg2+kWTpkiuIBlxqr+GQUg/RqycMqQ9LGFLA7la5g2g+Rcyhit5qu5H6+Ur8FE= beermann@osism.tech\n",
            "content_base64": "c3NoLXJzYSBBQUFBQjNOemFDMXljMkVBQUFBREFRQUJBQUFCZ1FDd3pHb0tLUER1ZS9lWUV5TjVtRWZqZ0duRThDb3pGRlkyN1FZTUNMR2JveWpZakJvZXYrSXZGcGgwcmdHZ2tYVmdwS3c5a1JkbzMrVHhWZ2N2WEI3M2RaazhwRTFURjBwcThvdFNXV3FrMVQ2VG4rcnNHY21LTzljTFpQWm5ZR1dYaThpZFp2M0VsYnNqTlg4VUkzSzZrcXhTaVdpL05YSk81eEVoTkJzRnc3U2xUNlg0Yk9Wcjd1Zm1FMHYwZ0cvV25ibWJ0cWtmVTV2d1FjT0hnY0tiOTdYL3VtUHpNakhaRWFlQlRJaU52SjNzOVdsKzQ0a3c4dUE1TmtMRFRkR1U3anIzUjh0T0Ywa2FSeW5BdVNDME8zNE1DYUN6UEFoQVZBVHVLUDlCNm5QdnBnSUtMOEwvZFlMcXVGQnNlQmZIc1M1WkV0SUxmQWM1dHRRUFZ6N1dLNDVmNS9CZCtQc1h3UmpZRi9MRVkzRkhUbWp0d09QVzV6UEN5YUtyeVhmY2R4TFJPclpCUDJyczc1RWgzbnhYRythc2lCT3pqZnMxTjU4endtZHBpajcyYlRVMzIyTUl6U0hVN1YzeE5ncFFEU2cyK2tXVHBraXVJQmx4cXIrR1FVZy9ScXljTXFROUxHRkxBN2xhNWcyZytSY3loaXQ1cXU1SDYrVXI4RkU9IGJlZXJtYW5uQG9zaXNtLnRlY2gK",
            "filename": "/Users/columbia/.ssh/id_rsa.pub",
            "id": "4a219a389b5ba5ebe87b130768f364c058f42024"
          },
          "sensitive_attributes": []
        }
      ]
    },
    {
      "mode": "managed",
      "type": "openstack_compute_keypair_v2",
      "name": "keypair",
      "provider": "provider[\"registry.terraform.io/terraform-provider-openstack/openstack\"]",
      "instances": [
        {
          "schema_version": 0,
          "attributes": {
            "fingerprint": "19:8f:0c:5f:a0:90:f3:2c:94:18:99:e6:c7:b4:19:b1",
            "id": "2021-09-01",
            "name": "2021-09-01",
            "private_key": "",
            "public_key": "ssh-rsa AAAAB3NzaC1yc2EAAAADAQABAAABgQCwzGoKKPDue/eYEyN5mEfjgGnE8CozFFY27QYMCLGboyjYjBoev+IvFph0rgGgkXVgpKw9kRdo3+TxVgcvXB73dZk8pE1TF0pq8otSWWqk1T6Tn+rsGcmKO9cLZPZnYGWXi8idZv3ElbsjNX8UI3K6kqxSiWi/NXJO5xEhNBsFw7SlT6X4bOVr7ufmE0v0gG/WnbmbtqkfU5vwQcOHgcKb97X/umPzMjHZEaeBTIiNvJ3s9Wl+44kw8uA5NkLDTdGU7jr3R8tOF0kaRynAuSC0O34MCaCzPAhAVATuKP9B6nPvpgIKL8L/dYLquFBseBfHsS5ZEtILfAc5ttQPVz7WK45f5/Bd+PsXwRjYF/LEY3FHTmjtwOPW5zPCyaKryXfcdxLROrZBP2rs75Eh3nxXG+asiBOzjfs1N58zwmdpij72bTU322MIzSHU7V3xNgpQDSg2+kWTpkiuIBlxqr+GQUg/RqycMqQ9LGFLA7la5g2g+Rcyhit5qu5H6+Ur8FE= beermann@osism.tech\n",
            "region": "",
            "value_specs": null
          },
          "sensitive_attributes": [],
          "private": "bnVsbA==",
          "dependencies": [
            "data.local_file.pubkey"
          ]
        }
      ]
    },
    {
      "module": "module.instance_1",
      "mode": "managed",
      "type": "null_resource",
      "name": "os_check",
      "provider": "provider[\"registry.terraform.io/hashicorp/null\"]",
      "instances": []
    },
    {
      "module": "module.instance_1",
      "mode": "managed",
      "type": "openstack_compute_instance_v2",
      "name": "instance",
      "provider": "provider[\"registry.terraform.io/terraform-provider-openstack/openstack\"]",
      "instances": [
        {
          "schema_version": 0,
          "attributes": {
            "access_ip_v4": "192.168.34.34",
            "access_ip_v6": "",
            "admin_pass": null,
            "all_metadata": {},
            "all_tags": [],
            "availability_zone": "nova",
            "availability_zone_hints": null,
            "block_device": [],
            "config_drive": null,
            "flavor_id": "f45c7365-6068-446b-af8f-54d483dfe303",
            "flavor_name": "virtuel-flavor",
            "floating_ip": null,
            "force_delete": false,
            "id": "4365b9e4-4cdc-494e-8cf0-38fb0c987b61",
            "image_id": "04de3a18-a75d-48b1-98c5-b3f1b4c44260",
            "image_name": "osism-image-test",
            "key_pair": "2021-09-01",
            "metadata": null,
            "name": "instance_1__2021-09-01",
            "network": [
              {
                "access_network": false,
                "fixed_ip_v4": "192.168.34.34",
                "fixed_ip_v6": "",
                "floating_ip": "",
                "mac": "52:54:00:e8:39:b8",
                "name": "pxenet",
                "port": "",
                "uuid": "6f3b0a7a-34cb-44df-af01-ebb51bcf0c8f"
              }
            ],
            "network_mode": null,
            "personality": [],
            "power_state": "active",
            "region": "",
            "scheduler_hints": [],
            "security_groups": [
              "default"
            ],
            "stop_before_destroy": false,
            "tags": null,
            "timeouts": null,
            "user_data": null,
            "vendor_options": [],
            "volume": []
          },
          "sensitive_attributes": [],
          "private": "eyJlMmJmYjczMC1lY2FhLTExZTYtOGY4OC0zNDM2M2JjN2M0YzAiOnsiY3JlYXRlIjoxODAwMDAwMDAwMDAwLCJkZWxldGUiOjE4MDAwMDAwMDAwMDAsInVwZGF0ZSI6MTgwMDAwMDAwMDAwMH19",
          "dependencies": [
            "data.local_file.pubkey",
            "openstack_compute_keypair_v2.keypair"
          ]
        }
      ]
    }
  ]
}
