{
  "version": 4,
  "terraform_version": "1.0.3",
  "serial": 242,
  "lineage": "9a1db1d5-d2e1-1103-f73a-89a36d5018ac",
  "outputs": {
    "control_planes": {
      "value": [
        "81.163.193.174",
        "81.163.192.125",
        "81.163.192.105"
      ],
      "type": [
        "tuple",
        [
          "string",
          "string",
          "string"
        ]
      ]
    },
    "worker_nodes": {
      "value": [
        "81.163.193.58",
        "81.163.192.113",
        "81.163.192.57"
      ],
      "type": [
        "tuple",
        [
          "string",
          "string",
          "string"
        ]
      ]
    }
  },
  "resources": [
    {
      "module": "module.controlplane",
      "mode": "managed",
      "type": "openstack_compute_floatingip_associate_v2",
      "name": "fip_assoc",
      "provider": "provider[\"registry.terraform.io/terraform-provider-openstack/openstack\"]",
      "instances": [
        {
          "index_key": 0,
          "schema_version": 0,
          "attributes": {
            "fixed_ip": "",
            "floating_ip": "81.163.193.174",
            "id": "81.163.193.174/2b358bbb-093c-48e4-98b1-8608eae0412a/",
            "instance_id": "2b358bbb-093c-48e4-98b1-8608eae0412a",
            "region": "betacloud-1",
            "timeouts": null,
            "wait_until_associated": null
          },
          "sensitive_attributes": [],
          "private": "eyJlMmJmYjczMC1lY2FhLTExZTYtOGY4OC0zNDM2M2JjN2M0YzAiOnsiY3JlYXRlIjo2MDAwMDAwMDAwMDB9fQ==",
          "dependencies": [
            "module.controlplane.openstack_compute_instance_v2.instance",
            "module.controlplane.openstack_networking_floatingip_v2.fip",
            "module.publickey.data.local_file.pubkey",
            "module.publickey.openstack_compute_keypair_v2.keypair",
            "module.secgroup_all.openstack_compute_secgroup_v2.secgroup"
          ]
        },
        {
          "index_key": 1,
          "schema_version": 0,
          "attributes": {
            "fixed_ip": "",
            "floating_ip": "81.163.192.125",
            "id": "81.163.192.125/4b8f4ba7-c7f0-4979-82a7-646ba15354ed/",
            "instance_id": "4b8f4ba7-c7f0-4979-82a7-646ba15354ed",
            "region": "betacloud-1",
            "timeouts": null,
            "wait_until_associated": null
          },
          "sensitive_attributes": [],
          "private": "eyJlMmJmYjczMC1lY2FhLTExZTYtOGY4OC0zNDM2M2JjN2M0YzAiOnsiY3JlYXRlIjo2MDAwMDAwMDAwMDB9fQ==",
          "dependencies": [
            "module.controlplane.openstack_compute_instance_v2.instance",
            "module.controlplane.openstack_networking_floatingip_v2.fip",
            "module.publickey.data.local_file.pubkey",
            "module.publickey.openstack_compute_keypair_v2.keypair",
            "module.secgroup_all.openstack_compute_secgroup_v2.secgroup"
          ]
        },
        {
          "index_key": 2,
          "schema_version": 0,
          "attributes": {
            "fixed_ip": "",
            "floating_ip": "81.163.192.105",
            "id": "81.163.192.105/bfa15090-b0d1-4638-b13b-6be20a166e11/",
            "instance_id": "bfa15090-b0d1-4638-b13b-6be20a166e11",
            "region": "betacloud-1",
            "timeouts": null,
            "wait_until_associated": null
          },
          "sensitive_attributes": [],
          "private": "eyJlMmJmYjczMC1lY2FhLTExZTYtOGY4OC0zNDM2M2JjN2M0YzAiOnsiY3JlYXRlIjo2MDAwMDAwMDAwMDB9fQ==",
          "dependencies": [
            "module.controlplane.openstack_compute_instance_v2.instance",
            "module.controlplane.openstack_networking_floatingip_v2.fip",
            "module.publickey.data.local_file.pubkey",
            "module.publickey.openstack_compute_keypair_v2.keypair",
            "module.secgroup_all.openstack_compute_secgroup_v2.secgroup"
          ]
        }
      ]
    },
    {
      "module": "module.controlplane",
      "mode": "managed",
      "type": "openstack_compute_instance_v2",
      "name": "instance",
      "provider": "provider[\"registry.terraform.io/terraform-provider-openstack/openstack\"]",
      "instances": [
        {
          "index_key": 0,
          "schema_version": 0,
          "attributes": {
            "access_ip_v4": "10.250.0.251",
            "access_ip_v6": "",
            "admin_pass": null,
            "all_metadata": {},
            "all_tags": [],
            "availability_zone": "south-2",
            "availability_zone_hints": null,
            "block_device": [],
            "config_drive": null,
            "flavor_id": "250",
            "flavor_name": "4C-4GB-10GB",
            "floating_ip": null,
            "force_delete": false,
            "id": "2b358bbb-093c-48e4-98b1-8608eae0412a",
            "image_id": "d4a056f9-4f5f-46e4-9a78-5006118dd094",
            "image_name": "Ubuntu 20.04",
            "key_pair": "beermann-k8s-zuul",
            "metadata": null,
            "name": "beermann-k8s-zuul-control-plane-0",
            "network": [
              {
                "access_network": false,
                "fixed_ip_v4": "10.250.0.251",
                "fixed_ip_v6": "",
                "floating_ip": "",
                "mac": "fa:16:3e:b2:52:af",
                "name": "net-to-external-testbed",
                "port": "",
                "uuid": "cc0afc40-bbbc-4df3-8cf3-990de6624a0d"
              }
            ],
            "network_mode": null,
            "personality": [],
            "power_state": "active",
            "region": "betacloud-1",
            "scheduler_hints": [],
            "security_groups": [
              "beermann-k8s-zuul"
            ],
            "stop_before_destroy": false,
            "tags": null,
            "timeouts": null,
            "user_data": null,
            "vendor_options": [],
            "volume": []
          },
          "sensitive_attributes": [],
          "private": "eyJlMmJmYjczMC1lY2FhLTExZTYtOGY4OC0zNDM2M2JjN2M0YzAiOnsiY3JlYXRlIjoxODAwMDAwMDAwMDAwLCJkZWxldGUiOjE4MDAwMDAwMDAwMDAsInVwZGF0ZSI6MTgwMDAwMDAwMDAwMH19",
          "dependencies": [
            "module.publickey.data.local_file.pubkey",
            "module.publickey.openstack_compute_keypair_v2.keypair",
            "module.secgroup_all.openstack_compute_secgroup_v2.secgroup"
          ]
        },
        {
          "index_key": 1,
          "schema_version": 0,
          "attributes": {
            "access_ip_v4": "10.250.0.236",
            "access_ip_v6": "",
            "admin_pass": null,
            "all_metadata": {},
            "all_tags": [],
            "availability_zone": "south-2",
            "availability_zone_hints": null,
            "block_device": [],
            "config_drive": null,
            "flavor_id": "250",
            "flavor_name": "4C-4GB-10GB",
            "floating_ip": null,
            "force_delete": false,
            "id": "4b8f4ba7-c7f0-4979-82a7-646ba15354ed",
            "image_id": "d4a056f9-4f5f-46e4-9a78-5006118dd094",
            "image_name": "Ubuntu 20.04",
            "key_pair": "beermann-k8s-zuul",
            "metadata": null,
            "name": "beermann-k8s-zuul-control-plane-1",
            "network": [
              {
                "access_network": false,
                "fixed_ip_v4": "10.250.0.236",
                "fixed_ip_v6": "",
                "floating_ip": "",
                "mac": "fa:16:3e:8f:9e:10",
                "name": "net-to-external-testbed",
                "port": "",
                "uuid": "cc0afc40-bbbc-4df3-8cf3-990de6624a0d"
              }
            ],
            "network_mode": null,
            "personality": [],
            "power_state": "active",
            "region": "betacloud-1",
            "scheduler_hints": [],
            "security_groups": [
              "beermann-k8s-zuul"
            ],
            "stop_before_destroy": false,
            "tags": null,
            "timeouts": null,
            "user_data": null,
            "vendor_options": [],
            "volume": []
          },
          "sensitive_attributes": [],
          "private": "eyJlMmJmYjczMC1lY2FhLTExZTYtOGY4OC0zNDM2M2JjN2M0YzAiOnsiY3JlYXRlIjoxODAwMDAwMDAwMDAwLCJkZWxldGUiOjE4MDAwMDAwMDAwMDAsInVwZGF0ZSI6MTgwMDAwMDAwMDAwMH19",
          "dependencies": [
            "module.publickey.data.local_file.pubkey",
            "module.publickey.openstack_compute_keypair_v2.keypair",
            "module.secgroup_all.openstack_compute_secgroup_v2.secgroup"
          ]
        },
        {
          "index_key": 2,
          "schema_version": 0,
          "attributes": {
            "access_ip_v4": "10.250.0.205",
            "access_ip_v6": "",
            "admin_pass": null,
            "all_metadata": {},
            "all_tags": [],
            "availability_zone": "south-2",
            "availability_zone_hints": null,
            "block_device": [],
            "config_drive": null,
            "flavor_id": "250",
            "flavor_name": "4C-4GB-10GB",
            "floating_ip": null,
            "force_delete": false,
            "id": "bfa15090-b0d1-4638-b13b-6be20a166e11",
            "image_id": "d4a056f9-4f5f-46e4-9a78-5006118dd094",
            "image_name": "Ubuntu 20.04",
            "key_pair": "beermann-k8s-zuul",
            "metadata": null,
            "name": "beermann-k8s-zuul-control-plane-2",
            "network": [
              {
                "access_network": false,
                "fixed_ip_v4": "10.250.0.205",
                "fixed_ip_v6": "",
                "floating_ip": "",
                "mac": "fa:16:3e:9b:20:e6",
                "name": "net-to-external-testbed",
                "port": "",
                "uuid": "cc0afc40-bbbc-4df3-8cf3-990de6624a0d"
              }
            ],
            "network_mode": null,
            "personality": [],
            "power_state": "active",
            "region": "betacloud-1",
            "scheduler_hints": [],
            "security_groups": [
              "beermann-k8s-zuul"
            ],
            "stop_before_destroy": false,
            "tags": null,
            "timeouts": null,
            "user_data": null,
            "vendor_options": [],
            "volume": []
          },
          "sensitive_attributes": [],
          "private": "eyJlMmJmYjczMC1lY2FhLTExZTYtOGY4OC0zNDM2M2JjN2M0YzAiOnsiY3JlYXRlIjoxODAwMDAwMDAwMDAwLCJkZWxldGUiOjE4MDAwMDAwMDAwMDAsInVwZGF0ZSI6MTgwMDAwMDAwMDAwMH19",
          "dependencies": [
            "module.publickey.data.local_file.pubkey",
            "module.publickey.openstack_compute_keypair_v2.keypair",
            "module.secgroup_all.openstack_compute_secgroup_v2.secgroup"
          ]
        }
      ]
    },
    {
      "module": "module.controlplane",
      "mode": "managed",
      "type": "openstack_networking_floatingip_v2",
      "name": "fip",
      "provider": "provider[\"registry.terraform.io/terraform-provider-openstack/openstack\"]",
      "instances": [
        {
          "index_key": 0,
          "schema_version": 0,
          "attributes": {
            "address": "81.163.193.174",
            "all_tags": [],
            "description": "",
            "dns_domain": "",
            "dns_name": "",
            "fixed_ip": "",
            "id": "b650b87f-ac23-41c8-870a-a00a384adc9a",
            "pool": "external",
            "port_id": "",
            "region": "betacloud-1",
            "subnet_id": null,
            "subnet_ids": null,
            "tags": null,
            "tenant_id": "838e782c858140bf8b0871a8c56bb5f5",
            "timeouts": null,
            "value_specs": null
          },
          "sensitive_attributes": [],
          "private": "eyJlMmJmYjczMC1lY2FhLTExZTYtOGY4OC0zNDM2M2JjN2M0YzAiOnsiY3JlYXRlIjo2MDAwMDAwMDAwMDAsImRlbGV0ZSI6NjAwMDAwMDAwMDAwfX0="
        },
        {
          "index_key": 1,
          "schema_version": 0,
          "attributes": {
            "address": "81.163.192.125",
            "all_tags": [],
            "description": "",
            "dns_domain": "",
            "dns_name": "",
            "fixed_ip": "",
            "id": "7eccbb46-6dd7-491e-b772-9d01ec2d91c4",
            "pool": "external",
            "port_id": "",
            "region": "betacloud-1",
            "subnet_id": null,
            "subnet_ids": null,
            "tags": null,
            "tenant_id": "838e782c858140bf8b0871a8c56bb5f5",
            "timeouts": null,
            "value_specs": null
          },
          "sensitive_attributes": [],
          "private": "eyJlMmJmYjczMC1lY2FhLTExZTYtOGY4OC0zNDM2M2JjN2M0YzAiOnsiY3JlYXRlIjo2MDAwMDAwMDAwMDAsImRlbGV0ZSI6NjAwMDAwMDAwMDAwfX0="
        },
        {
          "index_key": 2,
          "schema_version": 0,
          "attributes": {
            "address": "81.163.192.105",
            "all_tags": [],
            "description": "",
            "dns_domain": "",
            "dns_name": "",
            "fixed_ip": "",
            "id": "e2153bef-9296-4a83-b55f-ebefda4ac008",
            "pool": "external",
            "port_id": "",
            "region": "betacloud-1",
            "subnet_id": null,
            "subnet_ids": null,
            "tags": null,
            "tenant_id": "838e782c858140bf8b0871a8c56bb5f5",
            "timeouts": null,
            "value_specs": null
          },
          "sensitive_attributes": [],
          "private": "eyJlMmJmYjczMC1lY2FhLTExZTYtOGY4OC0zNDM2M2JjN2M0YzAiOnsiY3JlYXRlIjo2MDAwMDAwMDAwMDAsImRlbGV0ZSI6NjAwMDAwMDAwMDAwfX0="
        }
      ]
    },
    {
      "module": "module.publickey",
      "mode": "data",
      "type": "local_file",
      "name": "pubkey",
      "provider": "provider[\"registry.terraform.io/hashicorp/local\"]",
      "instances": [
        {
          "schema_version": 0,
          "attributes": {
            "content": "ssh-rsa AAAAB3NzaC1yc2EAAAADAQABAAABgQCwzGoKKPDue/eYEyN5mEfjgGnE8CozFFY27QYMCLGboyjYjBoev+IvFph0rgGgkXVgpKw9kRdo3+TxVgcvXB73dZk8pE1TF0pq8otSWWqk1T6Tn+rsGcmKO9cLZPZnYGWXi8idZv3ElbsjNX8UI3K6kqxSiWi/NXJO5xEhNBsFw7SlT6X4bOVr7ufmE0v0gG/WnbmbtqkfU5vwQcOHgcKb97X/umPzMjHZEaeBTIiNvJ3s9Wl+44kw8uA5NkLDTdGU7jr3R8tOF0kaRynAuSC0O34MCaCzPAhAVATuKP9B6nPvpgIKL8L/dYLquFBseBfHsS5ZEtILfAc5ttQPVz7WK45f5/Bd+PsXwRjYF/LEY3FHTmjtwOPW5zPCyaKryXfcdxLROrZBP2rs75Eh3nxXG+asiBOzjfs1N58zwmdpij72bTU322MIzSHU7V3xNgpQDSg2+kWTpkiuIBlxqr+GQUg/RqycMqQ9LGFLA7la5g2g+Rcyhit5qu5H6+Ur8FE= beermann@osism.tech\n",
            "content_base64": "c3NoLXJzYSBBQUFBQjNOemFDMXljMkVBQUFBREFRQUJBQUFCZ1FDd3pHb0tLUER1ZS9lWUV5TjVtRWZqZ0duRThDb3pGRlkyN1FZTUNMR2JveWpZakJvZXYrSXZGcGgwcmdHZ2tYVmdwS3c5a1JkbzMrVHhWZ2N2WEI3M2RaazhwRTFURjBwcThvdFNXV3FrMVQ2VG4rcnNHY21LTzljTFpQWm5ZR1dYaThpZFp2M0VsYnNqTlg4VUkzSzZrcXhTaVdpL05YSk81eEVoTkJzRnc3U2xUNlg0Yk9Wcjd1Zm1FMHYwZ0cvV25ibWJ0cWtmVTV2d1FjT0hnY0tiOTdYL3VtUHpNakhaRWFlQlRJaU52SjNzOVdsKzQ0a3c4dUE1TmtMRFRkR1U3anIzUjh0T0Ywa2FSeW5BdVNDME8zNE1DYUN6UEFoQVZBVHVLUDlCNm5QdnBnSUtMOEwvZFlMcXVGQnNlQmZIc1M1WkV0SUxmQWM1dHRRUFZ6N1dLNDVmNS9CZCtQc1h3UmpZRi9MRVkzRkhUbWp0d09QVzV6UEN5YUtyeVhmY2R4TFJPclpCUDJyczc1RWgzbnhYRythc2lCT3pqZnMxTjU4endtZHBpajcyYlRVMzIyTUl6U0hVN1YzeE5ncFFEU2cyK2tXVHBraXVJQmx4cXIrR1FVZy9ScXljTXFROUxHRkxBN2xhNWcyZytSY3loaXQ1cXU1SDYrVXI4RkU9IGJlZXJtYW5uQG9zaXNtLnRlY2gK",
            "filename": "/Users/columbia/.ssh/id_rsa.pub",
            "id": "4a219a389b5ba5ebe87b130768f364c058f42024"
          },
          "sensitive_attributes": []
        }
      ]
    },
    {
      "module": "module.publickey",
      "mode": "managed",
      "type": "openstack_compute_keypair_v2",
      "name": "keypair",
      "provider": "provider[\"registry.terraform.io/terraform-provider-openstack/openstack\"]",
      "instances": [
        {
          "schema_version": 0,
          "attributes": {
            "fingerprint": "19:8f:0c:5f:a0:90:f3:2c:94:18:99:e6:c7:b4:19:b1",
            "id": "beermann-k8s-zuul",
            "name": "beermann-k8s-zuul",
            "private_key": "",
            "public_key": "ssh-rsa AAAAB3NzaC1yc2EAAAADAQABAAABgQCwzGoKKPDue/eYEyN5mEfjgGnE8CozFFY27QYMCLGboyjYjBoev+IvFph0rgGgkXVgpKw9kRdo3+TxVgcvXB73dZk8pE1TF0pq8otSWWqk1T6Tn+rsGcmKO9cLZPZnYGWXi8idZv3ElbsjNX8UI3K6kqxSiWi/NXJO5xEhNBsFw7SlT6X4bOVr7ufmE0v0gG/WnbmbtqkfU5vwQcOHgcKb97X/umPzMjHZEaeBTIiNvJ3s9Wl+44kw8uA5NkLDTdGU7jr3R8tOF0kaRynAuSC0O34MCaCzPAhAVATuKP9B6nPvpgIKL8L/dYLquFBseBfHsS5ZEtILfAc5ttQPVz7WK45f5/Bd+PsXwRjYF/LEY3FHTmjtwOPW5zPCyaKryXfcdxLROrZBP2rs75Eh3nxXG+asiBOzjfs1N58zwmdpij72bTU322MIzSHU7V3xNgpQDSg2+kWTpkiuIBlxqr+GQUg/RqycMqQ9LGFLA7la5g2g+Rcyhit5qu5H6+Ur8FE= beermann@osism.tech\n",
            "region": "betacloud-1",
            "value_specs": null
          },
          "sensitive_attributes": [],
          "private": "bnVsbA==",
          "dependencies": [
            "module.publickey.data.local_file.pubkey"
          ]
        }
      ]
    },
    {
      "module": "module.secgroup_all",
      "mode": "managed",
      "type": "openstack_compute_secgroup_v2",
      "name": "secgroup",
      "provider": "provider[\"registry.terraform.io/terraform-provider-openstack/openstack\"]",
      "instances": [
        {
          "schema_version": 0,
          "attributes": {
            "description": "beermann-k8s-zuul",
            "id": "cb05e55a-5750-49f4-977a-ed91c30cde43",
            "name": "beermann-k8s-zuul",
            "region": "betacloud-1",
            "rule": [
              {
                "cidr": "0.0.0.0/0",
                "from_group_id": "",
                "from_port": 1,
                "id": "5c17e1b1-0bf2-4dfa-942e-a7cd95d77bc4",
                "ip_protocol": "tcp",
                "self": false,
                "to_port": 65535
              }
            ],
            "timeouts": null
          },
          "sensitive_attributes": [],
          "private": "eyJlMmJmYjczMC1lY2FhLTExZTYtOGY4OC0zNDM2M2JjN2M0YzAiOnsiZGVsZXRlIjo2MDAwMDAwMDAwMDB9fQ=="
        }
      ]
    },
    {
      "module": "module.workernode",
      "mode": "managed",
      "type": "openstack_compute_floatingip_associate_v2",
      "name": "fip_assoc",
      "provider": "provider[\"registry.terraform.io/terraform-provider-openstack/openstack\"]",
      "instances": [
        {
          "index_key": 0,
          "schema_version": 0,
          "attributes": {
            "fixed_ip": "",
            "floating_ip": "81.163.193.58",
            "id": "81.163.193.58/4d966818-0cef-45e2-a364-8943030b7674/",
            "instance_id": "4d966818-0cef-45e2-a364-8943030b7674",
            "region": "betacloud-1",
            "timeouts": null,
            "wait_until_associated": null
          },
          "sensitive_attributes": [],
          "private": "eyJlMmJmYjczMC1lY2FhLTExZTYtOGY4OC0zNDM2M2JjN2M0YzAiOnsiY3JlYXRlIjo2MDAwMDAwMDAwMDB9fQ==",
          "dependencies": [
            "module.publickey.data.local_file.pubkey",
            "module.publickey.openstack_compute_keypair_v2.keypair",
            "module.secgroup_all.openstack_compute_secgroup_v2.secgroup",
            "module.workernode.openstack_compute_instance_v2.instance",
            "module.workernode.openstack_networking_floatingip_v2.fip"
          ]
        },
        {
          "index_key": 1,
          "schema_version": 0,
          "attributes": {
            "fixed_ip": "",
            "floating_ip": "81.163.192.113",
            "id": "81.163.192.113/35e5d8dd-b4b3-4799-946d-3ab3ead0e1d8/",
            "instance_id": "35e5d8dd-b4b3-4799-946d-3ab3ead0e1d8",
            "region": "betacloud-1",
            "timeouts": null,
            "wait_until_associated": null
          },
          "sensitive_attributes": [],
          "private": "eyJlMmJmYjczMC1lY2FhLTExZTYtOGY4OC0zNDM2M2JjN2M0YzAiOnsiY3JlYXRlIjo2MDAwMDAwMDAwMDB9fQ==",
          "dependencies": [
            "module.publickey.data.local_file.pubkey",
            "module.publickey.openstack_compute_keypair_v2.keypair",
            "module.secgroup_all.openstack_compute_secgroup_v2.secgroup",
            "module.workernode.openstack_compute_instance_v2.instance",
            "module.workernode.openstack_networking_floatingip_v2.fip"
          ]
        },
        {
          "index_key": 2,
          "schema_version": 0,
          "attributes": {
            "fixed_ip": "",
            "floating_ip": "81.163.192.57",
            "id": "81.163.192.57/862c3062-314d-42ce-a86c-e0a4ca7f631f/",
            "instance_id": "862c3062-314d-42ce-a86c-e0a4ca7f631f",
            "region": "betacloud-1",
            "timeouts": null,
            "wait_until_associated": null
          },
          "sensitive_attributes": [],
          "private": "eyJlMmJmYjczMC1lY2FhLTExZTYtOGY4OC0zNDM2M2JjN2M0YzAiOnsiY3JlYXRlIjo2MDAwMDAwMDAwMDB9fQ==",
          "dependencies": [
            "module.publickey.data.local_file.pubkey",
            "module.publickey.openstack_compute_keypair_v2.keypair",
            "module.secgroup_all.openstack_compute_secgroup_v2.secgroup",
            "module.workernode.openstack_compute_instance_v2.instance",
            "module.workernode.openstack_networking_floatingip_v2.fip"
          ]
        }
      ]
    },
    {
      "module": "module.workernode",
      "mode": "managed",
      "type": "openstack_compute_instance_v2",
      "name": "instance",
      "provider": "provider[\"registry.terraform.io/terraform-provider-openstack/openstack\"]",
      "instances": [
        {
          "index_key": 0,
          "schema_version": 0,
          "attributes": {
            "access_ip_v4": "10.250.0.238",
            "access_ip_v6": "",
            "admin_pass": null,
            "all_metadata": {},
            "all_tags": [],
            "availability_zone": "south-2",
            "availability_zone_hints": null,
            "block_device": [],
            "config_drive": null,
            "flavor_id": "140",
            "flavor_name": "2C-2GB-10GB",
            "floating_ip": null,
            "force_delete": false,
            "id": "4d966818-0cef-45e2-a364-8943030b7674",
            "image_id": "d4a056f9-4f5f-46e4-9a78-5006118dd094",
            "image_name": "Ubuntu 20.04",
            "key_pair": "beermann-k8s-zuul",
            "metadata": null,
            "name": "beermann-k8s-zuul-worker-node-0",
            "network": [
              {
                "access_network": false,
                "fixed_ip_v4": "10.250.0.238",
                "fixed_ip_v6": "",
                "floating_ip": "",
                "mac": "fa:16:3e:a0:2d:18",
                "name": "net-to-external-testbed",
                "port": "",
                "uuid": "cc0afc40-bbbc-4df3-8cf3-990de6624a0d"
              }
            ],
            "network_mode": null,
            "personality": [],
            "power_state": "active",
            "region": "betacloud-1",
            "scheduler_hints": [],
            "security_groups": [
              "beermann-k8s-zuul"
            ],
            "stop_before_destroy": false,
            "tags": null,
            "timeouts": null,
            "user_data": null,
            "vendor_options": [],
            "volume": []
          },
          "sensitive_attributes": [],
          "private": "eyJlMmJmYjczMC1lY2FhLTExZTYtOGY4OC0zNDM2M2JjN2M0YzAiOnsiY3JlYXRlIjoxODAwMDAwMDAwMDAwLCJkZWxldGUiOjE4MDAwMDAwMDAwMDAsInVwZGF0ZSI6MTgwMDAwMDAwMDAwMH19",
          "dependencies": [
            "module.publickey.data.local_file.pubkey",
            "module.publickey.openstack_compute_keypair_v2.keypair",
            "module.secgroup_all.openstack_compute_secgroup_v2.secgroup"
          ]
        },
        {
          "index_key": 1,
          "schema_version": 0,
          "attributes": {
            "access_ip_v4": "10.250.0.231",
            "access_ip_v6": "",
            "admin_pass": null,
            "all_metadata": {},
            "all_tags": [],
            "availability_zone": "south-2",
            "availability_zone_hints": null,
            "block_device": [],
            "config_drive": null,
            "flavor_id": "140",
            "flavor_name": "2C-2GB-10GB",
            "floating_ip": null,
            "force_delete": false,
            "id": "35e5d8dd-b4b3-4799-946d-3ab3ead0e1d8",
            "image_id": "d4a056f9-4f5f-46e4-9a78-5006118dd094",
            "image_name": "Ubuntu 20.04",
            "key_pair": "beermann-k8s-zuul",
            "metadata": null,
            "name": "beermann-k8s-zuul-worker-node-1",
            "network": [
              {
                "access_network": false,
                "fixed_ip_v4": "10.250.0.231",
                "fixed_ip_v6": "",
                "floating_ip": "",
                "mac": "fa:16:3e:f1:a4:6a",
                "name": "net-to-external-testbed",
                "port": "",
                "uuid": "cc0afc40-bbbc-4df3-8cf3-990de6624a0d"
              }
            ],
            "network_mode": null,
            "personality": [],
            "power_state": "active",
            "region": "betacloud-1",
            "scheduler_hints": [],
            "security_groups": [
              "beermann-k8s-zuul"
            ],
            "stop_before_destroy": false,
            "tags": null,
            "timeouts": null,
            "user_data": null,
            "vendor_options": [],
            "volume": []
          },
          "sensitive_attributes": [],
          "private": "eyJlMmJmYjczMC1lY2FhLTExZTYtOGY4OC0zNDM2M2JjN2M0YzAiOnsiY3JlYXRlIjoxODAwMDAwMDAwMDAwLCJkZWxldGUiOjE4MDAwMDAwMDAwMDAsInVwZGF0ZSI6MTgwMDAwMDAwMDAwMH19",
          "dependencies": [
            "module.publickey.data.local_file.pubkey",
            "module.publickey.openstack_compute_keypair_v2.keypair",
            "module.secgroup_all.openstack_compute_secgroup_v2.secgroup"
          ]
        },
        {
          "index_key": 2,
          "schema_version": 0,
          "attributes": {
            "access_ip_v4": "10.250.0.252",
            "access_ip_v6": "",
            "admin_pass": null,
            "all_metadata": {},
            "all_tags": [],
            "availability_zone": "south-2",
            "availability_zone_hints": null,
            "block_device": [],
            "config_drive": null,
            "flavor_id": "140",
            "flavor_name": "2C-2GB-10GB",
            "floating_ip": null,
            "force_delete": false,
            "id": "862c3062-314d-42ce-a86c-e0a4ca7f631f",
            "image_id": "d4a056f9-4f5f-46e4-9a78-5006118dd094",
            "image_name": "Ubuntu 20.04",
            "key_pair": "beermann-k8s-zuul",
            "metadata": null,
            "name": "beermann-k8s-zuul-worker-node-2",
            "network": [
              {
                "access_network": false,
                "fixed_ip_v4": "10.250.0.252",
                "fixed_ip_v6": "",
                "floating_ip": "",
                "mac": "fa:16:3e:51:9a:b0",
                "name": "net-to-external-testbed",
                "port": "",
                "uuid": "cc0afc40-bbbc-4df3-8cf3-990de6624a0d"
              }
            ],
            "network_mode": null,
            "personality": [],
            "power_state": "active",
            "region": "betacloud-1",
            "scheduler_hints": [],
            "security_groups": [
              "beermann-k8s-zuul"
            ],
            "stop_before_destroy": false,
            "tags": null,
            "timeouts": null,
            "user_data": null,
            "vendor_options": [],
            "volume": []
          },
          "sensitive_attributes": [],
          "private": "eyJlMmJmYjczMC1lY2FhLTExZTYtOGY4OC0zNDM2M2JjN2M0YzAiOnsiY3JlYXRlIjoxODAwMDAwMDAwMDAwLCJkZWxldGUiOjE4MDAwMDAwMDAwMDAsInVwZGF0ZSI6MTgwMDAwMDAwMDAwMH19",
          "dependencies": [
            "module.publickey.data.local_file.pubkey",
            "module.publickey.openstack_compute_keypair_v2.keypair",
            "module.secgroup_all.openstack_compute_secgroup_v2.secgroup"
          ]
        }
      ]
    },
    {
      "module": "module.workernode",
      "mode": "managed",
      "type": "openstack_networking_floatingip_v2",
      "name": "fip",
      "provider": "provider[\"registry.terraform.io/terraform-provider-openstack/openstack\"]",
      "instances": [
        {
          "index_key": 0,
          "schema_version": 0,
          "attributes": {
            "address": "81.163.193.58",
            "all_tags": [],
            "description": "",
            "dns_domain": "",
            "dns_name": "",
            "fixed_ip": "",
            "id": "29f652be-e120-4fab-9d24-da228d2863b1",
            "pool": "external",
            "port_id": "",
            "region": "betacloud-1",
            "subnet_id": null,
            "subnet_ids": null,
            "tags": null,
            "tenant_id": "838e782c858140bf8b0871a8c56bb5f5",
            "timeouts": null,
            "value_specs": null
          },
          "sensitive_attributes": [],
          "private": "eyJlMmJmYjczMC1lY2FhLTExZTYtOGY4OC0zNDM2M2JjN2M0YzAiOnsiY3JlYXRlIjo2MDAwMDAwMDAwMDAsImRlbGV0ZSI6NjAwMDAwMDAwMDAwfX0="
        },
        {
          "index_key": 1,
          "schema_version": 0,
          "attributes": {
            "address": "81.163.192.113",
            "all_tags": [],
            "description": "",
            "dns_domain": "",
            "dns_name": "",
            "fixed_ip": "",
            "id": "33111a5b-a48e-4a1e-88b8-6cff445ca83a",
            "pool": "external",
            "port_id": "",
            "region": "betacloud-1",
            "subnet_id": null,
            "subnet_ids": null,
            "tags": null,
            "tenant_id": "838e782c858140bf8b0871a8c56bb5f5",
            "timeouts": null,
            "value_specs": null
          },
          "sensitive_attributes": [],
          "private": "eyJlMmJmYjczMC1lY2FhLTExZTYtOGY4OC0zNDM2M2JjN2M0YzAiOnsiY3JlYXRlIjo2MDAwMDAwMDAwMDAsImRlbGV0ZSI6NjAwMDAwMDAwMDAwfX0="
        },
        {
          "index_key": 2,
          "schema_version": 0,
          "attributes": {
            "address": "81.163.192.57",
            "all_tags": [],
            "description": "",
            "dns_domain": "",
            "dns_name": "",
            "fixed_ip": "",
            "id": "a28c0722-7445-4701-ac1d-b9b1b8f425e4",
            "pool": "external",
            "port_id": "",
            "region": "betacloud-1",
            "subnet_id": null,
            "subnet_ids": null,
            "tags": null,
            "tenant_id": "838e782c858140bf8b0871a8c56bb5f5",
            "timeouts": null,
            "value_specs": null
          },
          "sensitive_attributes": [],
          "private": "eyJlMmJmYjczMC1lY2FhLTExZTYtOGY4OC0zNDM2M2JjN2M0YzAiOnsiY3JlYXRlIjo2MDAwMDAwMDAwMDAsImRlbGV0ZSI6NjAwMDAwMDAwMDAwfX0="
        }
      ]
    }
  ]
}
